
Microsoft Visual Studio Solution File, Format Version 12.00
# Visual Studio 14
VisualStudioVersion = 14.0.22310.1
MinimumVisualStudioVersion = 10.0.40219.1
Project("{FAE04EC0-301F-11D3-BF4B-00C04F79EFBC}") = "DotNetAnalyzers", "DotNetAnalyzers\DotNetAnalyzers\DotNetAnalyzers.csproj", "{155C502D-4E97-4ACF-8A58-EA3095914B50}"
EndProject
Project("{2150E333-8FDC-42A3-9474-1A3956D46DE8}") = ".nuget", ".nuget", "{6EB84336-CD96-42D4-8342-C4A8E8E0EC56}"
	ProjectSection(SolutionItems) = preProject
		.nuget\packages.config = .nuget\packages.config
	EndProjectSection
EndProject
Project("{FAE04EC0-301F-11D3-BF4B-00C04F79EFBC}") = "DotNetAnalyzers.Test", "DotNetAnalyzers\DotNetAnalyzers.Test\DotNetAnalyzers.Test.csproj", "{FBBC677E-A58A-4139-BAF5-AC43A8BB8D64}"
EndProject
Project("{FAE04EC0-301F-11D3-BF4B-00C04F79EFBC}") = "DotNetAnalyzers.Vsix", "DotNetAnalyzers\DotNetAnalyzers.Vsix\DotNetAnalyzers.Vsix.csproj", "{E33BD244-E0E3-4CA6-A29E-1B6B5E92A89B}"
EndProject
Project("{2150E333-8FDC-42A3-9474-1A3956D46DE8}") = "Solution Items", "Solution Items", "{585B0A4B-DF20-4A72-AD57-DC94EEF190A8}"
	ProjectSection(SolutionItems) = preProject
		.gitignore = .gitignore
	EndProjectSection
EndProject
Project("{FAE04EC0-301F-11D3-BF4B-00C04F79EFBC}") = "DotNetRefactoring", "DotNetRefactoring\DotNetRefactoring\DotNetRefactoring.csproj", "{68E19B11-13C0-4837-A5CA-7E7736953527}"
EndProject
Project("{FAE04EC0-301F-11D3-BF4B-00C04F79EFBC}") = "DotNetRefactoring.Vsix", "DotNetRefactoring\DotNetRefactoring.Vsix\DotNetRefactoring.Vsix.csproj", "{26A497C9-64CF-4FD2-8390-6836B4349B68}"
EndProject
Project("{FAE04EC0-301F-11D3-BF4B-00C04F79EFBC}") = "DotNetRefactoring.Test", "DotNetRefactoring\DotNetRefactoring.Test\DotNetRefactoring.Test.csproj", "{64A3B789-E5C6-4730-A6AB-7A5D2D1FD68A}"
EndProject
Project("{2150E333-8FDC-42A3-9474-1A3956D46DE8}") = "CSharp", "CSharp", "{08777F68-B159-4A09-ADFD-D6D48B3CCCD8}"
EndProject
Project("{2150E333-8FDC-42A3-9474-1A3956D46DE8}") = "VisualBasic", "VisualBasic", "{7D259E67-086F-4A8F-A2F7-DB93E3FBCE62}"
EndProject
Project("{2150E333-8FDC-42A3-9474-1A3956D46DE8}") = "Both", "Both", "{CC24D748-E679-4988-8159-A845FF8A7CF7}"
EndProject
Project("{F184B08F-C81C-45F6-A57F-5ABD9991F28F}") = "Analyzer_VB", "Analyzer_Constructor_Mis-Assignment\Analyzer_VB\Analyzer_VB\Analyzer_VB.vbproj", "{3F5AB544-BE77-469D-A197-A959CD364325}"
EndProject
Project("{2150E333-8FDC-42A3-9474-1A3956D46DE8}") = ".nuget", ".nuget", "{DCC2FCA7-DC9C-4695-A0ED-7AEC5BEA237D}"
	ProjectSection(SolutionItems) = preProject
		Analyzer_Constructor_Mis-Assignment\.nuget\packages.config = Analyzer_Constructor_Mis-Assignment\.nuget\packages.config
	EndProjectSection
EndProject
Project("{F184B08F-C81C-45F6-A57F-5ABD9991F28F}") = "Analyzer_VB.Test", "Analyzer_Constructor_Mis-Assignment\Analyzer_VB\Analyzer_VB.Test\Analyzer_VB.Test.vbproj", "{5399E7A8-F8F1-4F2E-A5D2-9C96F3DD2A2D}"
EndProject
Project("{F184B08F-C81C-45F6-A57F-5ABD9991F28F}") = "Analyzer_VB.Vsix", "Analyzer_Constructor_Mis-Assignment\Analyzer_VB\Analyzer_VB.Vsix\Analyzer_VB.Vsix.vbproj", "{66F3D166-7D5B-4EF7-9B2F-4B03E0D5398B}"
EndProject
Project("{2150E333-8FDC-42A3-9474-1A3956D46DE8}") = "VB", "VB", "{996F59EA-EC9E-4DA4-A5F7-8848DFDFEDCF}"
EndProject
Project("{2150E333-8FDC-42A3-9474-1A3956D46DE8}") = "CS", "CS", "{341773E5-C252-4DED-9BCF-C55592C0CD88}"
EndProject
Project("{F184B08F-C81C-45F6-A57F-5ABD9991F28F}") = "Analyzer_CS", "Analyzer_Constructor_Mis-Assignment\Analyzer_CS\Analyzer_CS\Analyzer_CS.vbproj", "{2131136F-9969-497D-93F1-6242148922EF}"
EndProject
Project("{F184B08F-C81C-45F6-A57F-5ABD9991F28F}") = "Analyzer_CS.Test", "Analyzer_Constructor_Mis-Assignment\Analyzer_CS\Analyzer_CS.Test\Analyzer_CS.Test.vbproj", "{7FFD4229-6743-4D22-8554-469E7200AFE3}"
EndProject
Project("{F184B08F-C81C-45F6-A57F-5ABD9991F28F}") = "Analyzer_CS.Vsix", "Analyzer_Constructor_Mis-Assignment\Analyzer_CS\Analyzer_CS.Vsix\Analyzer_CS.Vsix.vbproj", "{CE43ADBE-2D83-4C47-B610-00DEDB933A7E}"
EndProject
Project("{F184B08F-C81C-45F6-A57F-5ABD9991F28F}") = "Mis-AssignmentInConstructors", "Analyzer_Constructor_Mis-Assignment\Mis-AssignmentInConstructors\Mis-AssignmentInConstructors.vbproj", "{94A70A7F-B670-427D-BDFF-4207D11DA83D}"
EndProject
Project("{2150E333-8FDC-42A3-9474-1A3956D46DE8}") = "Mis-AssignmentInConstructors", "Mis-AssignmentInConstructors", "{9E7E86E0-47D6-4483-B567-6B634FE7F5BA}"
EndProject
Global
	GlobalSection(SolutionConfigurationPlatforms) = preSolution
		Debug|Any CPU = Debug|Any CPU
		Release|Any CPU = Release|Any CPU
	EndGlobalSection
	GlobalSection(ProjectConfigurationPlatforms) = postSolution
		{155C502D-4E97-4ACF-8A58-EA3095914B50}.Debug|Any CPU.ActiveCfg = Debug|Any CPU
		{155C502D-4E97-4ACF-8A58-EA3095914B50}.Debug|Any CPU.Build.0 = Debug|Any CPU
		{155C502D-4E97-4ACF-8A58-EA3095914B50}.Release|Any CPU.ActiveCfg = Release|Any CPU
		{155C502D-4E97-4ACF-8A58-EA3095914B50}.Release|Any CPU.Build.0 = Release|Any CPU
		{FBBC677E-A58A-4139-BAF5-AC43A8BB8D64}.Debug|Any CPU.ActiveCfg = Debug|Any CPU
		{FBBC677E-A58A-4139-BAF5-AC43A8BB8D64}.Debug|Any CPU.Build.0 = Debug|Any CPU
		{FBBC677E-A58A-4139-BAF5-AC43A8BB8D64}.Release|Any CPU.ActiveCfg = Release|Any CPU
		{FBBC677E-A58A-4139-BAF5-AC43A8BB8D64}.Release|Any CPU.Build.0 = Release|Any CPU
		{E33BD244-E0E3-4CA6-A29E-1B6B5E92A89B}.Debug|Any CPU.ActiveCfg = Debug|Any CPU
		{E33BD244-E0E3-4CA6-A29E-1B6B5E92A89B}.Debug|Any CPU.Build.0 = Debug|Any CPU
		{E33BD244-E0E3-4CA6-A29E-1B6B5E92A89B}.Release|Any CPU.ActiveCfg = Release|Any CPU
		{E33BD244-E0E3-4CA6-A29E-1B6B5E92A89B}.Release|Any CPU.Build.0 = Release|Any CPU
		{68E19B11-13C0-4837-A5CA-7E7736953527}.Debug|Any CPU.ActiveCfg = Debug|Any CPU
		{68E19B11-13C0-4837-A5CA-7E7736953527}.Debug|Any CPU.Build.0 = Debug|Any CPU
		{68E19B11-13C0-4837-A5CA-7E7736953527}.Release|Any CPU.ActiveCfg = Release|Any CPU
		{68E19B11-13C0-4837-A5CA-7E7736953527}.Release|Any CPU.Build.0 = Release|Any CPU
		{26A497C9-64CF-4FD2-8390-6836B4349B68}.Debug|Any CPU.ActiveCfg = Debug|Any CPU
		{26A497C9-64CF-4FD2-8390-6836B4349B68}.Debug|Any CPU.Build.0 = Debug|Any CPU
		{26A497C9-64CF-4FD2-8390-6836B4349B68}.Release|Any CPU.ActiveCfg = Release|Any CPU
		{26A497C9-64CF-4FD2-8390-6836B4349B68}.Release|Any CPU.Build.0 = Release|Any CPU
		{64A3B789-E5C6-4730-A6AB-7A5D2D1FD68A}.Debug|Any CPU.ActiveCfg = Debug|Any CPU
		{64A3B789-E5C6-4730-A6AB-7A5D2D1FD68A}.Debug|Any CPU.Build.0 = Debug|Any CPU
		{64A3B789-E5C6-4730-A6AB-7A5D2D1FD68A}.Release|Any CPU.ActiveCfg = Release|Any CPU
		{64A3B789-E5C6-4730-A6AB-7A5D2D1FD68A}.Release|Any CPU.Build.0 = Release|Any CPU
		{3F5AB544-BE77-469D-A197-A959CD364325}.Debug|Any CPU.ActiveCfg = Debug|Any CPU
		{3F5AB544-BE77-469D-A197-A959CD364325}.Debug|Any CPU.Build.0 = Debug|Any CPU
		{3F5AB544-BE77-469D-A197-A959CD364325}.Release|Any CPU.ActiveCfg = Release|Any CPU
		{3F5AB544-BE77-469D-A197-A959CD364325}.Release|Any CPU.Build.0 = Release|Any CPU
		{5399E7A8-F8F1-4F2E-A5D2-9C96F3DD2A2D}.Debug|Any CPU.ActiveCfg = Debug|Any CPU
		{5399E7A8-F8F1-4F2E-A5D2-9C96F3DD2A2D}.Debug|Any CPU.Build.0 = Debug|Any CPU
		{5399E7A8-F8F1-4F2E-A5D2-9C96F3DD2A2D}.Release|Any CPU.ActiveCfg = Release|Any CPU
		{5399E7A8-F8F1-4F2E-A5D2-9C96F3DD2A2D}.Release|Any CPU.Build.0 = Release|Any CPU
		{66F3D166-7D5B-4EF7-9B2F-4B03E0D5398B}.Debug|Any CPU.ActiveCfg = Debug|Any CPU
		{66F3D166-7D5B-4EF7-9B2F-4B03E0D5398B}.Debug|Any CPU.Build.0 = Debug|Any CPU
		{66F3D166-7D5B-4EF7-9B2F-4B03E0D5398B}.Release|Any CPU.ActiveCfg = Release|Any CPU
		{66F3D166-7D5B-4EF7-9B2F-4B03E0D5398B}.Release|Any CPU.Build.0 = Release|Any CPU
		{2131136F-9969-497D-93F1-6242148922EF}.Debug|Any CPU.ActiveCfg = Debug|Any CPU
		{2131136F-9969-497D-93F1-6242148922EF}.Debug|Any CPU.Build.0 = Debug|Any CPU
		{2131136F-9969-497D-93F1-6242148922EF}.Release|Any CPU.ActiveCfg = Release|Any CPU
		{2131136F-9969-497D-93F1-6242148922EF}.Release|Any CPU.Build.0 = Release|Any CPU
		{7FFD4229-6743-4D22-8554-469E7200AFE3}.Debug|Any CPU.ActiveCfg = Debug|Any CPU
		{7FFD4229-6743-4D22-8554-469E7200AFE3}.Debug|Any CPU.Build.0 = Debug|Any CPU
		{7FFD4229-6743-4D22-8554-469E7200AFE3}.Release|Any CPU.ActiveCfg = Release|Any CPU
		{7FFD4229-6743-4D22-8554-469E7200AFE3}.Release|Any CPU.Build.0 = Release|Any CPU
		{CE43ADBE-2D83-4C47-B610-00DEDB933A7E}.Debug|Any CPU.ActiveCfg = Debug|Any CPU
		{CE43ADBE-2D83-4C47-B610-00DEDB933A7E}.Debug|Any CPU.Build.0 = Debug|Any CPU
		{CE43ADBE-2D83-4C47-B610-00DEDB933A7E}.Release|Any CPU.ActiveCfg = Release|Any CPU
		{CE43ADBE-2D83-4C47-B610-00DEDB933A7E}.Release|Any CPU.Build.0 = Release|Any CPU
		{94A70A7F-B670-427D-BDFF-4207D11DA83D}.Debug|Any CPU.ActiveCfg = Debug|Any CPU
		{94A70A7F-B670-427D-BDFF-4207D11DA83D}.Debug|Any CPU.Build.0 = Debug|Any CPU
		{94A70A7F-B670-427D-BDFF-4207D11DA83D}.Release|Any CPU.ActiveCfg = Release|Any CPU
		{94A70A7F-B670-427D-BDFF-4207D11DA83D}.Release|Any CPU.Build.0 = Release|Any CPU
	EndGlobalSection
	GlobalSection(SolutionProperties) = preSolution
		HideSolutionNode = FALSE
	EndGlobalSection
	GlobalSection(NestedProjects) = preSolution
		{155C502D-4E97-4ACF-8A58-EA3095914B50} = {08777F68-B159-4A09-ADFD-D6D48B3CCCD8}
		{FBBC677E-A58A-4139-BAF5-AC43A8BB8D64} = {08777F68-B159-4A09-ADFD-D6D48B3CCCD8}
		{E33BD244-E0E3-4CA6-A29E-1B6B5E92A89B} = {08777F68-B159-4A09-ADFD-D6D48B3CCCD8}
		{68E19B11-13C0-4837-A5CA-7E7736953527} = {08777F68-B159-4A09-ADFD-D6D48B3CCCD8}
		{26A497C9-64CF-4FD2-8390-6836B4349B68} = {08777F68-B159-4A09-ADFD-D6D48B3CCCD8}
		{64A3B789-E5C6-4730-A6AB-7A5D2D1FD68A} = {08777F68-B159-4A09-ADFD-D6D48B3CCCD8}
		{3F5AB544-BE77-469D-A197-A959CD364325} = {996F59EA-EC9E-4DA4-A5F7-8848DFDFEDCF}
		{DCC2FCA7-DC9C-4695-A0ED-7AEC5BEA237D} = {CC24D748-E679-4988-8159-A845FF8A7CF7}
		{5399E7A8-F8F1-4F2E-A5D2-9C96F3DD2A2D} = {996F59EA-EC9E-4DA4-A5F7-8848DFDFEDCF}
		{66F3D166-7D5B-4EF7-9B2F-4B03E0D5398B} = {996F59EA-EC9E-4DA4-A5F7-8848DFDFEDCF}
		{996F59EA-EC9E-4DA4-A5F7-8848DFDFEDCF} = {9E7E86E0-47D6-4483-B567-6B634FE7F5BA}
		{341773E5-C252-4DED-9BCF-C55592C0CD88} = {9E7E86E0-47D6-4483-B567-6B634FE7F5BA}
		{2131136F-9969-497D-93F1-6242148922EF} = {341773E5-C252-4DED-9BCF-C55592C0CD88}
		{7FFD4229-6743-4D22-8554-469E7200AFE3} = {341773E5-C252-4DED-9BCF-C55592C0CD88}
		{CE43ADBE-2D83-4C47-B610-00DEDB933A7E} = {341773E5-C252-4DED-9BCF-C55592C0CD88}
		{94A70A7F-B670-427D-BDFF-4207D11DA83D} = {9E7E86E0-47D6-4483-B567-6B634FE7F5BA}
		{9E7E86E0-47D6-4483-B567-6B634FE7F5BA} = {CC24D748-E679-4988-8159-A845FF8A7CF7}
	EndGlobalSection
EndGlobal
